{
    "lockfile_version": "1.0",
    "created_at": "2026-07-06T16:13:36.722590+00:00",
    "invocation": {
        "command": "tb",
        "args": [
            "run",
            "--dataset-path",
            "./benchmark_tasks_v1",
            "--agent",
            "terminus-2",
            "--model",
            "openai/Terminal-complete_trimmed",
            "--agent-kwarg",
            "api_base=http://localhost:8000/v1",
            "--agent-kwarg",
            "model_info={\"max_input_tokens\":30000,\"max_tokens\":30000,\"max_output_tokens\":30000,\"input_cost_per_token\":0,\"output_cost_per_token\":0,\"litellm_provider\":\"openai\",\"mode\":\"chat\"}",
            "--n-concurrent",
            "1",
            "--n-attempts",
            "8"
        ]
    },
    "harness": {
        "package": "terminal-bench",
        "version": "0.2.18",
        "is_editable_installation": false
    },
    "agent": {
        "name": "terminus-2",
        "import_path": "terminal_bench.agents.terminus_2.terminus_2:Terminus2",
        "model_name": "openai/Terminal-complete_trimmed",
        "extra_kwargs": {
            "no_rebuild": false,
            "api_base": "http://localhost:8000/v1",
            "model_info": {
                "max_input_tokens": 30000,
                "max_tokens": 30000,
                "max_output_tokens": 30000,
                "input_cost_per_token": 0,
                "output_cost_per_token": 0,
                "litellm_provider": "openai",
                "mode": "chat"
            },
            "model_name": "openai/Terminal-complete_trimmed"
        }
    },
    "run_config": {
        "log_level": "info",
        "livestream": false,
        "n_concurrent_trials": 1,
        "n_attempts": 8,
        "no_rebuild": false,
        "cleanup": true,
        "global_timeout_multiplier": 1.0,
        "global_agent_timeout_sec": null,
        "global_test_timeout_sec": null
    },
    "dataset": {
        "name": null,
        "version": null,
        "local_path": "/home/nvidia/cuong/CODE_REASONING/benchmark_tasks_v1",
        "task_ids": [
            "super-benchmark-upet",
            "build-linux-kernel-qemu",
            "play-zork",
            "eval-mteb",
            "eval-mteb.hard",
            "conda-env-conflict-resolution",
            "swe-bench-astropy-2",
            "swe-bench-astropy-1",
            "swe-bench-fsspec",
            "run-pdp11-code",
            "blind-maze-explorer-algorithm.hard",
            "blind-maze-explorer-algorithm.easy",
            "blind-maze-explorer-5x5",
            "blind-maze-explorer-algorithm",
            "incompatible-python-fasttext",
            "incompatible-python-fasttext.base_with_hint",
            "train-fasttext",
            "grid-pattern-transform",
            "count-dataset-tokens",
            "qemu-alpine-ssh",
            "qemu-startup",
            "download-youtube",
            "git-multibranch",
            "cron-broken-network",
            "pytorch-model-cli.easy",
            "pytorch-model-cli",
            "pytorch-model-cli.hard",
            "configure-git-webserver",
            "fix-pandas-version",
            "gpt2-codegolf",
            "sqlite-with-gcov",
            "reshard-c4-data",
            "hf-model-inference",
            "prove-plus-comm",
            "openssl-selfsigned-cert",
            "heterogeneous-dates",
            "path-tracing-reverse",
            "nginx-request-logging",
            "intrusion-detection",
            "raman-fitting.easy",
            "path-tracing",
            "processing-pipeline",
            "hello-world",
            "sqlite-db-truncate",
            "build-initramfs-qemu",
            "polyglot-c-py",
            "solana-data",
            "simple-web-scraper",
            "tmux-advanced-workflow",
            "git-workflow-hack",
            "crack-7z-hash.hard",
            "jupyter-notebook-server",
            "polyglot-rust-c",
            "fix-permissions",
            "write-compressor",
            "get-bitcoin-nodes",
            "password-recovery",
            "chess-best-move",
            "cartpole-rl-training",
            "oom",
            "csv-to-parquet",
            "fibonacci-server",
            "fix-git",
            "organization-json-generator",
            "modernize-fortran-build",
            "extract-moves-from-video",
            "decommissioning-service-with-sensitive-data",
            "new-encrypt-command",
            "build-tcc-qemu",
            "crack-7z-hash.easy",
            "create-bucket",
            "simple-sheets-put",
            "crack-7z-hash",
            "raman-fitting",
            "swe-bench-langcodes",
            "security-vulhub-minio",
            "extract-safely",
            "vim-terminal-task"
        ],
        "registry_url": null,
        "local_registry_path": null
    },
    "local_config": {
        "output_path": "runs",
        "run_id": "2026-07-06__16-13-36",
        "upload_results": false
    }
}